{
  "originHash" : "68c4779bcaf27e6272ad9a6ab6ccf168b19e9ef49c1d000b744b927c69c77ec1",
  "pins" : [
    {
      "identity" : "audiokit",
      "kind" : "remoteSourceControl",
      "location" : "https://github.com/AudioKit/AudioKit.git",
      "state" : {
        "branch" : "main",
        "revision" : "73098f170bb64e1c9566d13924a30cff1f156eb5"
      }
    },
    {
      "identity" : "whisper.cpp",
      "kind" : "remoteSourceControl",
      "location" : "https://github.com/ggerganov/whisper.cpp.git",
      "state" : {
        "branch" : "master",
        "revision" : "0fbaac9c891055796456df7b9122a70c220f9ca1"
      }
    }
  ],
  "version" : 3
}
