{
  "originHash" : "66f512e6fff6d58dec2bd45d33ebea02546103fba43219f862e17b2ff444c61a",
  "pins" : [
    {
      "identity" : "whisper.cpp",
      "kind" : "remoteSourceControl",
      "location" : "https://github.com/ggerganov/whisper.cpp.git",
      "state" : {
        "branch" : "master",
        "revision" : "0fbaac9c891055796456df7b9122a70c220f9ca1"
      }
    }
  ],
  "version" : 3
}
